
Microsoft Visual Studio Solution File, Format Version 12.00
# Visual Studio Version 17
VisualStudioVersion = 17.1.32421.90
MinimumVisualStudioVersion = 10.0.40219.1
Project("{FAE04EC0-301F-11D3-BF4B-00C04F79EFBC}") = "PROJETO-CRUD-CONSOLE", "PROJETO-CRUD-CONSOLE\PROJETO-CRUD-CONSOLE.csproj", "{D4CEDBC8-31CF-4E0D-BC88-BA076D2D48B9}"
EndProject
Global
	GlobalSection(SolutionConfigurationPlatforms) = preSolution
		Debug|Any CPU = Debug|Any CPU
		Release|Any CPU = Release|Any CPU
	EndGlobalSection
	GlobalSection(ProjectConfigurationPlatforms) = postSolution
		{D4CEDBC8-31CF-4E0D-BC88-BA076D2D48B9}.Debug|Any CPU.ActiveCfg = Debug|Any CPU
		{D4CEDBC8-31CF-4E0D-BC88-BA076D2D48B9}.Debug|Any CPU.Build.0 = Debug|Any CPU
		{D4CEDBC8-31CF-4E0D-BC88-BA076D2D48B9}.Release|Any CPU.ActiveCfg = Release|Any CPU
		{D4CEDBC8-31CF-4E0D-BC88-BA076D2D48B9}.Release|Any CPU.Build.0 = Release|Any CPU
	EndGlobalSection
	GlobalSection(SolutionProperties) = preSolution
		HideSolutionNode = FALSE
	EndGlobalSection
	GlobalSection(ExtensibilityGlobals) = postSolution
		SolutionGuid = {2158AD21-4FCB-4931-80F6-14F4DF0F2E2A}
	EndGlobalSection
EndGlobal
